// !$*UTF8*$!
{
	archiveVersion = 1;
	classes = {
	};
	objectVersion = 50;
	objects = {

/* Begin PBXBuildFile section */
		F1979C982113826A0004C60A /* main.m in Sources */ = {isa = PBXBuildFile; fileRef = F1979C972113826A0004C60A /* main.m */; };
		F1979CA02113856F0004C60A /* Doctor.m in Sources */ = {isa = PBXBuildFile; fileRef = F1979C9F2113856F0004C60A /* Doctor.m */; };
		F1979CA3211385760004C60A /* Patient.m in Sources */ = {isa = PBXBuildFile; fileRef = F1979CA2211385760004C60A /* Patient.m */; };
		F1DA42C82113E6D80081EC02 /* PatientRecord.m in Sources */ = {isa = PBXBuildFile; fileRef = F1DA42C72113E6D80081EC02 /* PatientRecord.m */; };
/* End PBXBuildFile section */

/* Begin PBXCopyFilesBuildPhase section */
		F1979C922113826A0004C60A /* CopyFiles */ = {
			isa = PBXCopyFilesBuildPhase;
			buildActionMask = 2147483647;
			dstPath = /usr/share/man/man1/;
			dstSubfolderSpec = 0;
			files = (
			);
			runOnlyForDeploymentPostprocessing = 1;
		};
/* End PBXCopyFilesBuildPhase section */

/* Begin PBXFileReference section */
		F1979C942113826A0004C60A /* doctorPatient */ = {isa = PBXFileReference; explicitFileType = "compiled.mach-o.executable"; includeInIndex = 0; path = doctorPatient; sourceTree = BUILT_PRODUCTS_DIR; };
		F1979C972113826A0004C60A /* main.m */ = {isa = PBXFileReference; lastKnownFileType = sourcecode.c.objc; path = main.m; sourceTree = "<group>"; };
		F1979C9E2113856F0004C60A /* Doctor.h */ = {isa = PBXFileReference; lastKnownFileType = sourcecode.c.h; path = Doctor.h; sourceTree = "<group>"; };
		F1979C9F2113856F0004C60A /* Doctor.m */ = {isa = PBXFileReference; lastKnownFileType = sourcecode.c.objc; path = Doctor.m; sourceTree = "<group>"; };
		F1979CA1211385760004C60A /* Patient.h */ = {isa = PBXFileReference; lastKnownFileType = sourcecode.c.h; path = Patient.h; sourceTree = "<group>"; };
		F1979CA2211385760004C60A /* Patient.m */ = {isa = PBXFileReference; lastKnownFileType = sourcecode.c.objc; path = Patient.m; sourceTree = "<group>"; };
		F1DA42C62113E6D80081EC02 /* PatientRecord.h */ = {isa = PBXFileReference; lastKnownFileType = sourcecode.c.h; path = PatientRecord.h; sourceTree = "<group>"; };
		F1DA42C72113E6D80081EC02 /* PatientRecord.m */ = {isa = PBXFileReference; lastKnownFileType = sourcecode.c.objc; path = PatientRecord.m; sourceTree = "<group>"; };
/* End PBXFileReference section */

/* Begin PBXFrameworksBuildPhase section */
		F1979C912113826A0004C60A /* Frameworks */ = {
			isa = PBXFrameworksBuildPhase;
			buildActionMask = 2147483647;
			files = (
			);
			runOnlyForDeploymentPostprocessing = 0;
		};
/* End PBXFrameworksBuildPhase section */

/* Begin PBXGroup section */
		F1979C8B2113826A0004C60A = {
			isa = PBXGroup;
			children = (
				F1979C962113826A0004C60A /* doctorPatient */,
				F1979C952113826A0004C60A /* Products */,
			);
			sourceTree = "<group>";
		};
		F1979C952113826A0004C60A /* Products */ = {
			isa = PBXGroup;
			children = (
				F1979C942113826A0004C60A /* doctorPatient */,
			);
			name = Products;
			sourceTree = "<group>";
		};
		F1979C962113826A0004C60A /* doctorPatient */ = {
			isa = PBXGroup;
			children = (
				F1979C972113826A0004C60A /* main.m */,
				F1979CA4211385860004C60A /* Classes */,
			);
			path = doctorPatient;
			sourceTree = "<group>";
		};
		F1979CA4211385860004C60A /* Classes */ = {
			isa = PBXGroup;
			children = (
				F1979C9E2113856F0004C60A /* Doctor.h */,
				F1979C9F2113856F0004C60A /* Doctor.m */,
				F1979CA1211385760004C60A /* Patient.h */,
				F1979CA2211385760004C60A /* Patient.m */,
				F1DA42C62113E6D80081EC02 /* PatientRecord.h */,
				F1DA42C72113E6D80081EC02 /* PatientRecord.m */,
			);
			path = Classes;
			sourceTree = "<group>";
		};
/* End PBXGroup section */

/* Begin PBXNativeTarget section */
		F1979C932113826A0004C60A /* doctorPatient */ = {
			isa = PBXNativeTarget;
			buildConfigurationList = F1979C9B2113826A0004C60A /* Build configuration list for PBXNativeTarget "doctorPatient" */;
			buildPhases = (
				F1979C902113826A0004C60A /* Sources */,
				F1979C912113826A0004C60A /* Frameworks */,
				F1979C922113826A0004C60A /* CopyFiles */,
			);
			buildRules = (
			);
			dependencies = (
			);
			name = doctorPatient;
			productName = doctorPatient;
			productReference = F1979C942113826A0004C60A /* doctorPatient */;
			productType = "com.apple.product-type.tool";
		};
/* End PBXNativeTarget section */

/* Begin PBXProject section */
		F1979C8C2113826A0004C60A /* Project object */ = {
			isa = PBXProject;
			attributes = {
				LastUpgradeCheck = 0940;
				ORGANIZATIONNAME = "Nathan Wainwright";
				TargetAttributes = {
					F1979C932113826A0004C60A = {
						CreatedOnToolsVersion = 9.4.1;
					};
				};
			};
			buildConfigurationList = F1979C8F2113826A0004C60A /* Build configuration list for PBXProject "doctorPatient" */;
			compatibilityVersion = "Xcode 9.3";
			developmentRegion = en;
			hasScannedForEncodings = 0;
			knownRegions = (
				en,
			);
			mainGroup = F1979C8B2113826A0004C60A;
			productRefGroup = F1979C952113826A0004C60A /* Products */;
			projectDirPath = "";
			projectRoot = "";
			targets = (
				F1979C932113826A0004C60A /* doctorPatient */,
			);
		};
/* End PBXProject section */

/* Begin PBXSourcesBuildPhase section */
		F1979C902113826A0004C60A /* Sources */ = {
			isa = PBXSourcesBuildPhase;
			buildActionMask = 2147483647;
			files = (
				F1979CA3211385760004C60A /* Patient.m in Sources */,
				F1979CA02113856F0004C60A /* Doctor.m in Sources */,
				F1DA42C82113E6D80081EC02 /* PatientRecord.m in Sources */,
				F1979C982113826A0004C60A /* main.m in Sources */,
			);
			runOnlyForDeploymentPostprocessing = 0;
		};
/* End PBXSourcesBuildPhase section */

/* Begin XCBuildConfiguration section */
		F1979C992113826A0004C60A /* Debug */ = {
			isa = XCBuildConfiguration;
			buildSettings = {
				ALWAYS_SEARCH_USER_PATHS = NO;
				CLANG_ANALYZER_NONNULL = YES;
				CLANG_ANALYZER_NUMBER_OBJECT_CONVERSION = YES_AGGRESSIVE;
				CLANG_CXX_LANGUAGE_STANDARD = "gnu++14";
				CLANG_CXX_LIBRARY = "libc++";
				CLANG_ENABLE_MODULES = YES;
				CLANG_ENABLE_OBJC_ARC = YES;
				CLANG_ENABLE_OBJC_WEAK = YES;
				CLANG_WARN_BLOCK_CAPTURE_AUTORELEASING = YES;
				CLANG_WARN_BOOL_CONVERSION = YES;
				CLANG_WARN_COMMA = YES;
				CLANG_WARN_CONSTANT_CONVERSION = YES;
				CLANG_WARN_DEPRECATED_OBJC_IMPLEMENTATIONS = YES;
				CLANG_WARN_DIRECT_OBJC_ISA_USAGE = YES_ERROR;
				CLANG_WARN_DOCUMENTATION_COMMENTS = YES;
				CLANG_WARN_EMPTY_BODY = YES;
				CLANG_WARN_ENUM_CONVERSION = YES;
				CLANG_WARN_INFINITE_RECURSION = YES;
				CLANG_WARN_INT_CONVERSION = YES;
				CLANG_WARN_NON_LITERAL_NULL_CONVERSION = YES;
				CLANG_WARN_OBJC_IMPLICIT_RETAIN_SELF = YES;
				CLANG_WARN_OBJC_LITERAL_CONVERSION = YES;
				CLANG_WARN_OBJC_ROOT_CLASS = YES_ERROR;
				CLANG_WARN_RANGE_LOOP_ANALYSIS = YES;
				CLANG_WARN_STRICT_PROTOTYPES = YES;
				CLANG_WARN_SUSPICIOUS_MOVE = YES;
				CLANG_WARN_UNGUARDED_AVAILABILITY = YES_AGGRESSIVE;
				CLANG_WARN_UNREACHABLE_CODE = YES;
				CLANG_WARN__DUPLICATE_METHOD_MATCH = YES;
				CODE_SIGN_IDENTITY = "-";
				COPY_PHASE_STRIP = NO;
				DEBUG_INFORMATION_FORMAT = dwarf;
				ENABLE_STRICT_OBJC_MSGSEND = YES;
				ENABLE_TESTABILITY = YES;
				GCC_C_LANGUAGE_STANDARD = gnu11;
				GCC_DYNAMIC_NO_PIC = NO;
				GCC_NO_COMMON_BLOCKS = YES;
				GCC_OPTIMIZATION_LEVEL = 0;
				GCC_PREPROCESSOR_DEFINITIONS = (
					"DEBUG=1",
					"$(inherited)",
				);
				GCC_WARN_64_TO_32_BIT_CONVERSION = YES;
				GCC_WARN_ABOUT_RETURN_TYPE = YES_ERROR;
				GCC_WARN_UNDECLARED_SELECTOR = YES;
				GCC_WARN_UNINITIALIZED_AUTOS = YES_AGGRESSIVE;
				GCC_WARN_UNUSED_FUNCTION = YES;
				GCC_WARN_UNUSED_VARIABLE = YES;
				MACOSX_DEPLOYMENT_TARGET = 10.13;
				MTL_ENABLE_DEBUG_INFO = YES;
				ONLY_ACTIVE_ARCH = YES;
				SDKROOT = macosx;
			};
			name = Debug;
		};
		F1979C9A2113826A0004C60A /* Release */ = {
			isa = XCBuildConfiguration;
			buildSettings = {
				ALWAYS_SEARCH_USER_PATHS = NO;
				CLANG_ANALYZER_NONNULL = YES;
				CLANG_ANALYZER_NUMBER_OBJECT_CONVERSION = YES_AGGRESSIVE;
				CLANG_CXX_LANGUAGE_STANDARD = "gnu++14";
				CLANG_CXX_LIBRARY = "libc++";
				CLANG_ENABLE_MODULES = YES;
				CLANG_ENABLE_OBJC_ARC = YES;
				CLANG_ENABLE_OBJC_WEAK = YES;
				CLANG_WARN_BLOCK_CAPTURE_AUTORELEASING = YES;
				CLANG_WARN_BOOL_CONVERSION = YES;
				CLANG_WARN_COMMA = YES;
				CLANG_WARN_CONSTANT_CONVERSION = YES;
				CLANG_WARN_DEPRECATED_OBJC_IMPLEMENTATIONS = YES;
				CLANG_WARN_DIRECT_OBJC_ISA_USAGE = YES_ERROR;
				CLANG_WARN_DOCUMENTATION_COMMENTS = YES;
				CLANG_WARN_EMPTY_BODY = YES;
				CLANG_WARN_ENUM_CONVERSION = YES;
				CLANG_WARN_INFINITE_RECURSION = YES;
				CLANG_WARN_INT_CONVERSION = YES;
				CLANG_WARN_NON_LITERAL_NULL_CONVERSION = YES;
				CLANG_WARN_OBJC_IMPLICIT_RETAIN_SELF = YES;
				CLANG_WARN_OBJC_LITERAL_CONVERSION = YES;
				CLANG_WARN_OBJC_ROOT_CLASS = YES_ERROR;
				CLANG_WARN_RANGE_LOOP_ANALYSIS = YES;
				CLANG_WARN_STRICT_PROTOTYPES = YES;
				CLANG_WARN_SUSPICIOUS_MOVE = YES;
				CLANG_WARN_UNGUARDED_AVAILABILITY = YES_AGGRESSIVE;
				CLANG_WARN_UNREACHABLE_CODE = YES;
				CLANG_WARN__DUPLICATE_METHOD_MATCH = YES;
				CODE_SIGN_IDENTITY = "-";
				COPY_PHASE_STRIP = NO;
				DEBUG_INFORMATION_FORMAT = "dwarf-with-dsym";
				ENABLE_NS_ASSERTIONS = NO;
				ENABLE_STRICT_OBJC_MSGSEND = YES;
				GCC_C_LANGUAGE_STANDARD = gnu11;
				GCC_NO_COMMON_BLOCKS = YES;
				GCC_WARN_64_TO_32_BIT_CONVERSION = YES;
				GCC_WARN_ABOUT_RETURN_TYPE = YES_ERROR;
				GCC_WARN_UNDECLARED_SELECTOR = YES;
				GCC_WARN_UNINITIALIZED_AUTOS = YES_AGGRESSIVE;
				GCC_WARN_UNUSED_FUNCTION = YES;
				GCC_WARN_UNUSED_VARIABLE = YES;
				MACOSX_DEPLOYMENT_TARGET = 10.13;
				MTL_ENABLE_DEBUG_INFO = NO;
				SDKROOT = macosx;
			};
			name = Release;
		};
		F1979C9C2113826A0004C60A /* Debug */ = {
			isa = XCBuildConfiguration;
			buildSettings = {
				CODE_SIGN_STYLE = Automatic;
				PRODUCT_NAME = "$(TARGET_NAME)";
			};
			name = Debug;
		};
		F1979C9D2113826A0004C60A /* Release */ = {
			isa = XCBuildConfiguration;
			buildSettings = {
				CODE_SIGN_STYLE = Automatic;
				PRODUCT_NAME = "$(TARGET_NAME)";
			};
			name = Release;
		};
/* End XCBuildConfiguration section */

/* Begin XCConfigurationList section */
		F1979C8F2113826A0004C60A /* Build configuration list for PBXProject "doctorPatient" */ = {
			isa = XCConfigurationList;
			buildConfigurations = (
				F1979C992113826A0004C60A /* Debug */,
				F1979C9A2113826A0004C60A /* Release */,
			);
			defaultConfigurationIsVisible = 0;
			defaultConfigurationName = Release;
		};
		F1979C9B2113826A0004C60A /* Build configuration list for PBXNativeTarget "doctorPatient" */ = {
			isa = XCConfigurationList;
			buildConfigurations = (
				F1979C9C2113826A0004C60A /* Debug */,
				F1979C9D2113826A0004C60A /* Release */,
			);
			defaultConfigurationIsVisible = 0;
			defaultConfigurationName = Release;
		};
/* End XCConfigurationList section */
	};
	rootObject = F1979C8C2113826A0004C60A /* Project object */;
}
